
Microsoft Visual Studio Solution File, Format Version 12.00
# Visual Studio 2013
VisualStudioVersion = 12.0.40629.0
MinimumVisualStudioVersion = 10.0.40219.1
Project("{8BC9CEB8-8B4A-11D0-8D11-00A0C91BC942}") = "VectorAndMatrix", "VectorAndMatrix\VectorAndMatrix.vcxproj", "{3AB035E2-6E18-4B9F-AF07-D94914FEF5AF}"
	ProjectSection(ProjectDependencies) = postProject
		{6C62C4ED-64E3-403A-BF8A-0F5D3937051E} = {6C62C4ED-64E3-403A-BF8A-0F5D3937051E}
	EndProjectSection
EndProject
Project("{8BC9CEB8-8B4A-11D0-8D11-00A0C91BC942}") = "Error", "Error\Error.vcxproj", "{6C62C4ED-64E3-403A-BF8A-0F5D3937051E}"
EndProject
Project("{8BC9CEB8-8B4A-11D0-8D11-00A0C91BC942}") = "WrapperGslCpp", "WrapperGslCpp\WrapperGslCpp.vcxproj", "{C32314DD-DA83-4531-BAF8-25B9FD0A2FD2}"
	ProjectSection(ProjectDependencies) = postProject
		{3AB035E2-6E18-4B9F-AF07-D94914FEF5AF} = {3AB035E2-6E18-4B9F-AF07-D94914FEF5AF}
		{6C62C4ED-64E3-403A-BF8A-0F5D3937051E} = {6C62C4ED-64E3-403A-BF8A-0F5D3937051E}
	EndProjectSection
EndProject
Project("{8BC9CEB8-8B4A-11D0-8D11-00A0C91BC942}") = "WrapperNloptCpp", "WrapperNloptCpp\WrapperNloptCpp.vcxproj", "{32A10216-CD14-4558-8FEE-4EE5721F909E}"
	ProjectSection(ProjectDependencies) = postProject
		{3AB035E2-6E18-4B9F-AF07-D94914FEF5AF} = {3AB035E2-6E18-4B9F-AF07-D94914FEF5AF}
		{6C62C4ED-64E3-403A-BF8A-0F5D3937051E} = {6C62C4ED-64E3-403A-BF8A-0F5D3937051E}
	EndProjectSection
EndProject
Project("{8BC9CEB8-8B4A-11D0-8D11-00A0C91BC942}") = "RegArchLib", "RegArchLib\RegArchLib.vcxproj", "{295240A3-67ED-4D61-A6A7-14CCAC67A910}"
	ProjectSection(ProjectDependencies) = postProject
		{32A10216-CD14-4558-8FEE-4EE5721F909E} = {32A10216-CD14-4558-8FEE-4EE5721F909E}
		{C32314DD-DA83-4531-BAF8-25B9FD0A2FD2} = {C32314DD-DA83-4531-BAF8-25B9FD0A2FD2}
		{3AB035E2-6E18-4B9F-AF07-D94914FEF5AF} = {3AB035E2-6E18-4B9F-AF07-D94914FEF5AF}
		{6C62C4ED-64E3-403A-BF8A-0F5D3937051E} = {6C62C4ED-64E3-403A-BF8A-0F5D3937051E}
	EndProjectSection
EndProject
Project("{8BC9CEB8-8B4A-11D0-8D11-00A0C91BC942}") = "TestCPlusPlus", "TestCPlusPlus\TestCPlusPlus.vcxproj", "{53AD282C-380D-4D5B-A08D-ED33BD95836F}"
	ProjectSection(ProjectDependencies) = postProject
		{295240A3-67ED-4D61-A6A7-14CCAC67A910} = {295240A3-67ED-4D61-A6A7-14CCAC67A910}
	EndProjectSection
EndProject
Global
	GlobalSection(SolutionConfigurationPlatforms) = preSolution
		Debug CLI|Any CPU = Debug CLI|Any CPU
		Debug CLI|Win32 = Debug CLI|Win32
		Debug CLI|x64 = Debug CLI|x64
		Debug CLI|x86 = Debug CLI|x86
		Debug R|Any CPU = Debug R|Any CPU
		Debug R|Win32 = Debug R|Win32
		Debug R|x64 = Debug R|x64
		Debug R|x86 = Debug R|x86
		Debug|Any CPU = Debug|Any CPU
		Debug|Win32 = Debug|Win32
		Debug|x64 = Debug|x64
		Debug|x86 = Debug|x86
		Release CLI|Any CPU = Release CLI|Any CPU
		Release CLI|Win32 = Release CLI|Win32
		Release CLI|x64 = Release CLI|x64
		Release CLI|x86 = Release CLI|x86
		Release R|Any CPU = Release R|Any CPU
		Release R|Win32 = Release R|Win32
		Release R|x64 = Release R|x64
		Release R|x86 = Release R|x86
		Release|Any CPU = Release|Any CPU
		Release|Win32 = Release|Win32
		Release|x64 = Release|x64
		Release|x86 = Release|x86
	EndGlobalSection
	GlobalSection(ProjectConfigurationPlatforms) = postSolution
		{3AB035E2-6E18-4B9F-AF07-D94914FEF5AF}.Debug CLI|Any CPU.ActiveCfg = Debug CLI|Win32
		{3AB035E2-6E18-4B9F-AF07-D94914FEF5AF}.Debug CLI|Any CPU.Build.0 = Debug CLI|Win32
		{3AB035E2-6E18-4B9F-AF07-D94914FEF5AF}.Debug CLI|Win32.ActiveCfg = Debug CLI|Win32
		{3AB035E2-6E18-4B9F-AF07-D94914FEF5AF}.Debug CLI|Win32.Build.0 = Debug CLI|Win32
		{3AB035E2-6E18-4B9F-AF07-D94914FEF5AF}.Debug CLI|x64.ActiveCfg = Debug CLI|x64
		{3AB035E2-6E18-4B9F-AF07-D94914FEF5AF}.Debug CLI|x64.Build.0 = Debug CLI|x64
		{3AB035E2-6E18-4B9F-AF07-D94914FEF5AF}.Debug CLI|x86.ActiveCfg = Debug CLI|Win32
		{3AB035E2-6E18-4B9F-AF07-D94914FEF5AF}.Debug CLI|x86.Build.0 = Debug CLI|Win32
		{3AB035E2-6E18-4B9F-AF07-D94914FEF5AF}.Debug R|Any CPU.ActiveCfg = Debug R|Win32
		{3AB035E2-6E18-4B9F-AF07-D94914FEF5AF}.Debug R|Win32.ActiveCfg = Debug R|Win32
		{3AB035E2-6E18-4B9F-AF07-D94914FEF5AF}.Debug R|Win32.Build.0 = Debug R|Win32
		{3AB035E2-6E18-4B9F-AF07-D94914FEF5AF}.Debug R|x64.ActiveCfg = Debug R|x64
		{3AB035E2-6E18-4B9F-AF07-D94914FEF5AF}.Debug R|x64.Build.0 = Debug R|x64
		{3AB035E2-6E18-4B9F-AF07-D94914FEF5AF}.Debug R|x86.ActiveCfg = Debug R|Win32
		{3AB035E2-6E18-4B9F-AF07-D94914FEF5AF}.Debug R|x86.Build.0 = Debug R|Win32
		{3AB035E2-6E18-4B9F-AF07-D94914FEF5AF}.Debug|Any CPU.ActiveCfg = Debug|Win32
		{3AB035E2-6E18-4B9F-AF07-D94914FEF5AF}.Debug|Win32.ActiveCfg = Debug|Win32
		{3AB035E2-6E18-4B9F-AF07-D94914FEF5AF}.Debug|Win32.Build.0 = Debug|Win32
		{3AB035E2-6E18-4B9F-AF07-D94914FEF5AF}.Debug|x64.ActiveCfg = Debug|x64
		{3AB035E2-6E18-4B9F-AF07-D94914FEF5AF}.Debug|x64.Build.0 = Debug|x64
		{3AB035E2-6E18-4B9F-AF07-D94914FEF5AF}.Debug|x86.ActiveCfg = Debug|Win32
		{3AB035E2-6E18-4B9F-AF07-D94914FEF5AF}.Debug|x86.Build.0 = Debug|Win32
		{3AB035E2-6E18-4B9F-AF07-D94914FEF5AF}.Release CLI|Any CPU.ActiveCfg = Release CLI|Win32
		{3AB035E2-6E18-4B9F-AF07-D94914FEF5AF}.Release CLI|Any CPU.Build.0 = Release CLI|Win32
		{3AB035E2-6E18-4B9F-AF07-D94914FEF5AF}.Release CLI|Win32.ActiveCfg = Release CLI|Win32
		{3AB035E2-6E18-4B9F-AF07-D94914FEF5AF}.Release CLI|Win32.Build.0 = Release CLI|Win32
		{3AB035E2-6E18-4B9F-AF07-D94914FEF5AF}.Release CLI|x64.ActiveCfg = Release CLI|x64
		{3AB035E2-6E18-4B9F-AF07-D94914FEF5AF}.Release CLI|x64.Build.0 = Release CLI|x64
		{3AB035E2-6E18-4B9F-AF07-D94914FEF5AF}.Release CLI|x86.ActiveCfg = Release CLI|Win32
		{3AB035E2-6E18-4B9F-AF07-D94914FEF5AF}.Release CLI|x86.Build.0 = Release CLI|Win32
		{3AB035E2-6E18-4B9F-AF07-D94914FEF5AF}.Release R|Any CPU.ActiveCfg = Release R|Win32
		{3AB035E2-6E18-4B9F-AF07-D94914FEF5AF}.Release R|Win32.ActiveCfg = Release R|Win32
		{3AB035E2-6E18-4B9F-AF07-D94914FEF5AF}.Release R|Win32.Build.0 = Release R|Win32
		{3AB035E2-6E18-4B9F-AF07-D94914FEF5AF}.Release R|x64.ActiveCfg = Release R|x64
		{3AB035E2-6E18-4B9F-AF07-D94914FEF5AF}.Release R|x64.Build.0 = Release R|x64
		{3AB035E2-6E18-4B9F-AF07-D94914FEF5AF}.Release R|x86.ActiveCfg = Release R|Win32
		{3AB035E2-6E18-4B9F-AF07-D94914FEF5AF}.Release R|x86.Build.0 = Release R|Win32
		{3AB035E2-6E18-4B9F-AF07-D94914FEF5AF}.Release|Any CPU.ActiveCfg = Release|Win32
		{3AB035E2-6E18-4B9F-AF07-D94914FEF5AF}.Release|Win32.ActiveCfg = Release|Win32
		{3AB035E2-6E18-4B9F-AF07-D94914FEF5AF}.Release|Win32.Build.0 = Release|Win32
		{3AB035E2-6E18-4B9F-AF07-D94914FEF5AF}.Release|x64.ActiveCfg = Release|x64
		{3AB035E2-6E18-4B9F-AF07-D94914FEF5AF}.Release|x64.Build.0 = Release|x64
		{3AB035E2-6E18-4B9F-AF07-D94914FEF5AF}.Release|x86.ActiveCfg = Release|Win32
		{3AB035E2-6E18-4B9F-AF07-D94914FEF5AF}.Release|x86.Build.0 = Release|Win32
		{6C62C4ED-64E3-403A-BF8A-0F5D3937051E}.Debug CLI|Any CPU.ActiveCfg = Debug CLI|Win32
		{6C62C4ED-64E3-403A-BF8A-0F5D3937051E}.Debug CLI|Any CPU.Build.0 = Debug CLI|Win32
		{6C62C4ED-64E3-403A-BF8A-0F5D3937051E}.Debug CLI|Win32.ActiveCfg = Debug CLI|Win32
		{6C62C4ED-64E3-403A-BF8A-0F5D3937051E}.Debug CLI|Win32.Build.0 = Debug CLI|Win32
		{6C62C4ED-64E3-403A-BF8A-0F5D3937051E}.Debug CLI|x64.ActiveCfg = Debug CLI|x64
		{6C62C4ED-64E3-403A-BF8A-0F5D3937051E}.Debug CLI|x64.Build.0 = Debug CLI|x64
		{6C62C4ED-64E3-403A-BF8A-0F5D3937051E}.Debug CLI|x86.ActiveCfg = Debug CLI|Win32
		{6C62C4ED-64E3-403A-BF8A-0F5D3937051E}.Debug CLI|x86.Build.0 = Debug CLI|Win32
		{6C62C4ED-64E3-403A-BF8A-0F5D3937051E}.Debug R|Any CPU.ActiveCfg = Debug R|Win32
		{6C62C4ED-64E3-403A-BF8A-0F5D3937051E}.Debug R|Win32.ActiveCfg = Debug R|Win32
		{6C62C4ED-64E3-403A-BF8A-0F5D3937051E}.Debug R|Win32.Build.0 = Debug R|Win32
		{6C62C4ED-64E3-403A-BF8A-0F5D3937051E}.Debug R|x64.ActiveCfg = Debug R|x64
		{6C62C4ED-64E3-403A-BF8A-0F5D3937051E}.Debug R|x64.Build.0 = Debug R|x64
		{6C62C4ED-64E3-403A-BF8A-0F5D3937051E}.Debug R|x86.ActiveCfg = Debug R|Win32
		{6C62C4ED-64E3-403A-BF8A-0F5D3937051E}.Debug R|x86.Build.0 = Debug R|Win32
		{6C62C4ED-64E3-403A-BF8A-0F5D3937051E}.Debug|Any CPU.ActiveCfg = Debug|Win32
		{6C62C4ED-64E3-403A-BF8A-0F5D3937051E}.Debug|Win32.ActiveCfg = Debug|Win32
		{6C62C4ED-64E3-403A-BF8A-0F5D3937051E}.Debug|Win32.Build.0 = Debug|Win32
		{6C62C4ED-64E3-403A-BF8A-0F5D3937051E}.Debug|x64.ActiveCfg = Debug|x64
		{6C62C4ED-64E3-403A-BF8A-0F5D3937051E}.Debug|x64.Build.0 = Debug|x64
		{6C62C4ED-64E3-403A-BF8A-0F5D3937051E}.Debug|x86.ActiveCfg = Debug|Win32
		{6C62C4ED-64E3-403A-BF8A-0F5D3937051E}.Debug|x86.Build.0 = Debug|Win32
		{6C62C4ED-64E3-403A-BF8A-0F5D3937051E}.Release CLI|Any CPU.ActiveCfg = Release CLI|Win32
		{6C62C4ED-64E3-403A-BF8A-0F5D3937051E}.Release CLI|Any CPU.Build.0 = Release CLI|Win32
		{6C62C4ED-64E3-403A-BF8A-0F5D3937051E}.Release CLI|Win32.ActiveCfg = Release CLI|Win32
		{6C62C4ED-64E3-403A-BF8A-0F5D3937051E}.Release CLI|Win32.Build.0 = Release CLI|Win32
		{6C62C4ED-64E3-403A-BF8A-0F5D3937051E}.Release CLI|x64.ActiveCfg = Release CLI|x64
		{6C62C4ED-64E3-403A-BF8A-0F5D3937051E}.Release CLI|x64.Build.0 = Release CLI|x64
		{6C62C4ED-64E3-403A-BF8A-0F5D3937051E}.Release CLI|x86.ActiveCfg = Release CLI|Win32
		{6C62C4ED-64E3-403A-BF8A-0F5D3937051E}.Release CLI|x86.Build.0 = Release CLI|Win32
		{6C62C4ED-64E3-403A-BF8A-0F5D3937051E}.Release R|Any CPU.ActiveCfg = Release R|Win32
		{6C62C4ED-64E3-403A-BF8A-0F5D3937051E}.Release R|Win32.ActiveCfg = Release R|Win32
		{6C62C4ED-64E3-403A-BF8A-0F5D3937051E}.Release R|Win32.Build.0 = Release R|Win32
		{6C62C4ED-64E3-403A-BF8A-0F5D3937051E}.Release R|x64.ActiveCfg = Release R|x64
		{6C62C4ED-64E3-403A-BF8A-0F5D3937051E}.Release R|x64.Build.0 = Release R|x64
		{6C62C4ED-64E3-403A-BF8A-0F5D3937051E}.Release R|x86.ActiveCfg = Release R|Win32
		{6C62C4ED-64E3-403A-BF8A-0F5D3937051E}.Release R|x86.Build.0 = Release R|Win32
		{6C62C4ED-64E3-403A-BF8A-0F5D3937051E}.Release|Any CPU.ActiveCfg = Release|Win32
		{6C62C4ED-64E3-403A-BF8A-0F5D3937051E}.Release|Win32.ActiveCfg = Release|Win32
		{6C62C4ED-64E3-403A-BF8A-0F5D3937051E}.Release|Win32.Build.0 = Release|Win32
		{6C62C4ED-64E3-403A-BF8A-0F5D3937051E}.Release|x64.ActiveCfg = Release|x64
		{6C62C4ED-64E3-403A-BF8A-0F5D3937051E}.Release|x64.Build.0 = Release|x64
		{6C62C4ED-64E3-403A-BF8A-0F5D3937051E}.Release|x86.ActiveCfg = Release|Win32
		{6C62C4ED-64E3-403A-BF8A-0F5D3937051E}.Release|x86.Build.0 = Release|Win32
		{C32314DD-DA83-4531-BAF8-25B9FD0A2FD2}.Debug CLI|Any CPU.ActiveCfg = Debug CLI|Win32
		{C32314DD-DA83-4531-BAF8-25B9FD0A2FD2}.Debug CLI|Any CPU.Build.0 = Debug CLI|Win32
		{C32314DD-DA83-4531-BAF8-25B9FD0A2FD2}.Debug CLI|Win32.ActiveCfg = Debug CLI|Win32
		{C32314DD-DA83-4531-BAF8-25B9FD0A2FD2}.Debug CLI|Win32.Build.0 = Debug CLI|Win32
		{C32314DD-DA83-4531-BAF8-25B9FD0A2FD2}.Debug CLI|x64.ActiveCfg = Debug CLI|x64
		{C32314DD-DA83-4531-BAF8-25B9FD0A2FD2}.Debug CLI|x64.Build.0 = Debug CLI|x64
		{C32314DD-DA83-4531-BAF8-25B9FD0A2FD2}.Debug CLI|x86.ActiveCfg = Debug CLI|Win32
		{C32314DD-DA83-4531-BAF8-25B9FD0A2FD2}.Debug CLI|x86.Build.0 = Debug CLI|Win32
		{C32314DD-DA83-4531-BAF8-25B9FD0A2FD2}.Debug R|Any CPU.ActiveCfg = Debug R|Win32
		{C32314DD-DA83-4531-BAF8-25B9FD0A2FD2}.Debug R|Win32.ActiveCfg = Debug R|Win32
		{C32314DD-DA83-4531-BAF8-25B9FD0A2FD2}.Debug R|Win32.Build.0 = Debug R|Win32
		{C32314DD-DA83-4531-BAF8-25B9FD0A2FD2}.Debug R|x64.ActiveCfg = Debug R|x64
		{C32314DD-DA83-4531-BAF8-25B9FD0A2FD2}.Debug R|x64.Build.0 = Debug R|x64
		{C32314DD-DA83-4531-BAF8-25B9FD0A2FD2}.Debug R|x86.ActiveCfg = Debug R|Win32
		{C32314DD-DA83-4531-BAF8-25B9FD0A2FD2}.Debug R|x86.Build.0 = Debug R|Win32
		{C32314DD-DA83-4531-BAF8-25B9FD0A2FD2}.Debug|Any CPU.ActiveCfg = Debug|Win32
		{C32314DD-DA83-4531-BAF8-25B9FD0A2FD2}.Debug|Win32.ActiveCfg = Debug|Win32
		{C32314DD-DA83-4531-BAF8-25B9FD0A2FD2}.Debug|Win32.Build.0 = Debug|Win32
		{C32314DD-DA83-4531-BAF8-25B9FD0A2FD2}.Debug|x64.ActiveCfg = Debug|x64
		{C32314DD-DA83-4531-BAF8-25B9FD0A2FD2}.Debug|x64.Build.0 = Debug|x64
		{C32314DD-DA83-4531-BAF8-25B9FD0A2FD2}.Debug|x86.ActiveCfg = Debug|Win32
		{C32314DD-DA83-4531-BAF8-25B9FD0A2FD2}.Debug|x86.Build.0 = Debug|Win32
		{C32314DD-DA83-4531-BAF8-25B9FD0A2FD2}.Release CLI|Any CPU.ActiveCfg = Release CLI|Win32
		{C32314DD-DA83-4531-BAF8-25B9FD0A2FD2}.Release CLI|Any CPU.Build.0 = Release CLI|Win32
		{C32314DD-DA83-4531-BAF8-25B9FD0A2FD2}.Release CLI|Win32.ActiveCfg = Release CLI|Win32
		{C32314DD-DA83-4531-BAF8-25B9FD0A2FD2}.Release CLI|Win32.Build.0 = Release CLI|Win32
		{C32314DD-DA83-4531-BAF8-25B9FD0A2FD2}.Release CLI|x64.ActiveCfg = Release CLI|x64
		{C32314DD-DA83-4531-BAF8-25B9FD0A2FD2}.Release CLI|x64.Build.0 = Release CLI|x64
		{C32314DD-DA83-4531-BAF8-25B9FD0A2FD2}.Release CLI|x86.ActiveCfg = Release CLI|Win32
		{C32314DD-DA83-4531-BAF8-25B9FD0A2FD2}.Release CLI|x86.Build.0 = Release CLI|Win32
		{C32314DD-DA83-4531-BAF8-25B9FD0A2FD2}.Release R|Any CPU.ActiveCfg = Release R|Win32
		{C32314DD-DA83-4531-BAF8-25B9FD0A2FD2}.Release R|Win32.ActiveCfg = Release R|Win32
		{C32314DD-DA83-4531-BAF8-25B9FD0A2FD2}.Release R|Win32.Build.0 = Release R|Win32
		{C32314DD-DA83-4531-BAF8-25B9FD0A2FD2}.Release R|x64.ActiveCfg = Release R|x64
		{C32314DD-DA83-4531-BAF8-25B9FD0A2FD2}.Release R|x64.Build.0 = Release R|x64
		{C32314DD-DA83-4531-BAF8-25B9FD0A2FD2}.Release R|x86.ActiveCfg = Release R|Win32
		{C32314DD-DA83-4531-BAF8-25B9FD0A2FD2}.Release R|x86.Build.0 = Release R|Win32
		{C32314DD-DA83-4531-BAF8-25B9FD0A2FD2}.Release|Any CPU.ActiveCfg = Release|Win32
		{C32314DD-DA83-4531-BAF8-25B9FD0A2FD2}.Release|Win32.ActiveCfg = Release|Win32
		{C32314DD-DA83-4531-BAF8-25B9FD0A2FD2}.Release|Win32.Build.0 = Release|Win32
		{C32314DD-DA83-4531-BAF8-25B9FD0A2FD2}.Release|x64.ActiveCfg = Release|x64
		{C32314DD-DA83-4531-BAF8-25B9FD0A2FD2}.Release|x64.Build.0 = Release|x64
		{C32314DD-DA83-4531-BAF8-25B9FD0A2FD2}.Release|x86.ActiveCfg = Release|Win32
		{C32314DD-DA83-4531-BAF8-25B9FD0A2FD2}.Release|x86.Build.0 = Release|Win32
		{32A10216-CD14-4558-8FEE-4EE5721F909E}.Debug CLI|Any CPU.ActiveCfg = Debug CLI|Win32
		{32A10216-CD14-4558-8FEE-4EE5721F909E}.Debug CLI|Any CPU.Build.0 = Debug CLI|Win32
		{32A10216-CD14-4558-8FEE-4EE5721F909E}.Debug CLI|Win32.ActiveCfg = Debug CLI|Win32
		{32A10216-CD14-4558-8FEE-4EE5721F909E}.Debug CLI|Win32.Build.0 = Debug CLI|Win32
		{32A10216-CD14-4558-8FEE-4EE5721F909E}.Debug CLI|x64.ActiveCfg = Debug CLI|x64
		{32A10216-CD14-4558-8FEE-4EE5721F909E}.Debug CLI|x64.Build.0 = Debug CLI|x64
		{32A10216-CD14-4558-8FEE-4EE5721F909E}.Debug CLI|x86.ActiveCfg = Debug CLI|Win32
		{32A10216-CD14-4558-8FEE-4EE5721F909E}.Debug CLI|x86.Build.0 = Debug CLI|Win32
		{32A10216-CD14-4558-8FEE-4EE5721F909E}.Debug R|Any CPU.ActiveCfg = Debug R|Win32
		{32A10216-CD14-4558-8FEE-4EE5721F909E}.Debug R|Win32.ActiveCfg = Debug R|Win32
		{32A10216-CD14-4558-8FEE-4EE5721F909E}.Debug R|Win32.Build.0 = Debug R|Win32
		{32A10216-CD14-4558-8FEE-4EE5721F909E}.Debug R|x64.ActiveCfg = Debug R|x64
		{32A10216-CD14-4558-8FEE-4EE5721F909E}.Debug R|x64.Build.0 = Debug R|x64
		{32A10216-CD14-4558-8FEE-4EE5721F909E}.Debug R|x86.ActiveCfg = Debug R|Win32
		{32A10216-CD14-4558-8FEE-4EE5721F909E}.Debug R|x86.Build.0 = Debug R|Win32
		{32A10216-CD14-4558-8FEE-4EE5721F909E}.Debug|Any CPU.ActiveCfg = Debug|Win32
		{32A10216-CD14-4558-8FEE-4EE5721F909E}.Debug|Win32.ActiveCfg = Debug|Win32
		{32A10216-CD14-4558-8FEE-4EE5721F909E}.Debug|Win32.Build.0 = Debug|Win32
		{32A10216-CD14-4558-8FEE-4EE5721F909E}.Debug|x64.ActiveCfg = Debug|x64
		{32A10216-CD14-4558-8FEE-4EE5721F909E}.Debug|x64.Build.0 = Debug|x64
		{32A10216-CD14-4558-8FEE-4EE5721F909E}.Debug|x86.ActiveCfg = Debug|Win32
		{32A10216-CD14-4558-8FEE-4EE5721F909E}.Debug|x86.Build.0 = Debug|Win32
		{32A10216-CD14-4558-8FEE-4EE5721F909E}.Release CLI|Any CPU.ActiveCfg = Release CLI|Win32
		{32A10216-CD14-4558-8FEE-4EE5721F909E}.Release CLI|Any CPU.Build.0 = Release CLI|Win32
		{32A10216-CD14-4558-8FEE-4EE5721F909E}.Release CLI|Win32.ActiveCfg = Release CLI|Win32
		{32A10216-CD14-4558-8FEE-4EE5721F909E}.Release CLI|Win32.Build.0 = Release CLI|Win32
		{32A10216-CD14-4558-8FEE-4EE5721F909E}.Release CLI|x64.ActiveCfg = Release CLI|x64
		{32A10216-CD14-4558-8FEE-4EE5721F909E}.Release CLI|x64.Build.0 = Release CLI|x64
		{32A10216-CD14-4558-8FEE-4EE5721F909E}.Release CLI|x86.ActiveCfg = Release CLI|Win32
		{32A10216-CD14-4558-8FEE-4EE5721F909E}.Release CLI|x86.Build.0 = Release CLI|Win32
		{32A10216-CD14-4558-8FEE-4EE5721F909E}.Release R|Any CPU.ActiveCfg = Release R|Win32
		{32A10216-CD14-4558-8FEE-4EE5721F909E}.Release R|Win32.ActiveCfg = Release R|Win32
		{32A10216-CD14-4558-8FEE-4EE5721F909E}.Release R|Win32.Build.0 = Release R|Win32
		{32A10216-CD14-4558-8FEE-4EE5721F909E}.Release R|x64.ActiveCfg = Release R|x64
		{32A10216-CD14-4558-8FEE-4EE5721F909E}.Release R|x64.Build.0 = Release R|x64
		{32A10216-CD14-4558-8FEE-4EE5721F909E}.Release R|x86.ActiveCfg = Release R|Win32
		{32A10216-CD14-4558-8FEE-4EE5721F909E}.Release R|x86.Build.0 = Release R|Win32
		{32A10216-CD14-4558-8FEE-4EE5721F909E}.Release|Any CPU.ActiveCfg = Release|Win32
		{32A10216-CD14-4558-8FEE-4EE5721F909E}.Release|Win32.ActiveCfg = Release|Win32
		{32A10216-CD14-4558-8FEE-4EE5721F909E}.Release|Win32.Build.0 = Release|Win32
		{32A10216-CD14-4558-8FEE-4EE5721F909E}.Release|x64.ActiveCfg = Release|x64
		{32A10216-CD14-4558-8FEE-4EE5721F909E}.Release|x64.Build.0 = Release|x64
		{32A10216-CD14-4558-8FEE-4EE5721F909E}.Release|x86.ActiveCfg = Release|Win32
		{32A10216-CD14-4558-8FEE-4EE5721F909E}.Release|x86.Build.0 = Release|Win32
		{295240A3-67ED-4D61-A6A7-14CCAC67A910}.Debug CLI|Any CPU.ActiveCfg = Debug CLI|Win32
		{295240A3-67ED-4D61-A6A7-14CCAC67A910}.Debug CLI|Any CPU.Build.0 = Debug CLI|Win32
		{295240A3-67ED-4D61-A6A7-14CCAC67A910}.Debug CLI|Win32.ActiveCfg = Debug CLI|Win32
		{295240A3-67ED-4D61-A6A7-14CCAC67A910}.Debug CLI|Win32.Build.0 = Debug CLI|Win32
		{295240A3-67ED-4D61-A6A7-14CCAC67A910}.Debug CLI|x64.ActiveCfg = Debug CLI|x64
		{295240A3-67ED-4D61-A6A7-14CCAC67A910}.Debug CLI|x64.Build.0 = Debug CLI|x64
		{295240A3-67ED-4D61-A6A7-14CCAC67A910}.Debug CLI|x86.ActiveCfg = Debug CLI|Win32
		{295240A3-67ED-4D61-A6A7-14CCAC67A910}.Debug CLI|x86.Build.0 = Debug CLI|Win32
		{295240A3-67ED-4D61-A6A7-14CCAC67A910}.Debug R|Any CPU.ActiveCfg = Debug R|Win32
		{295240A3-67ED-4D61-A6A7-14CCAC67A910}.Debug R|Win32.ActiveCfg = Debug R|Win32
		{295240A3-67ED-4D61-A6A7-14CCAC67A910}.Debug R|Win32.Build.0 = Debug R|Win32
		{295240A3-67ED-4D61-A6A7-14CCAC67A910}.Debug R|x64.ActiveCfg = Debug R|x64
		{295240A3-67ED-4D61-A6A7-14CCAC67A910}.Debug R|x86.ActiveCfg = Debug R|Win32
		{295240A3-67ED-4D61-A6A7-14CCAC67A910}.Debug R|x86.Build.0 = Debug R|Win32
		{295240A3-67ED-4D61-A6A7-14CCAC67A910}.Debug|Any CPU.ActiveCfg = Debug|Win32
		{295240A3-67ED-4D61-A6A7-14CCAC67A910}.Debug|Win32.ActiveCfg = Debug|Win32
		{295240A3-67ED-4D61-A6A7-14CCAC67A910}.Debug|Win32.Build.0 = Debug|Win32
		{295240A3-67ED-4D61-A6A7-14CCAC67A910}.Debug|x64.ActiveCfg = Debug|x64
		{295240A3-67ED-4D61-A6A7-14CCAC67A910}.Debug|x64.Build.0 = Debug|x64
		{295240A3-67ED-4D61-A6A7-14CCAC67A910}.Debug|x86.ActiveCfg = Debug|Win32
		{295240A3-67ED-4D61-A6A7-14CCAC67A910}.Debug|x86.Build.0 = Debug|Win32
		{295240A3-67ED-4D61-A6A7-14CCAC67A910}.Release CLI|Any CPU.ActiveCfg = Release CLI|Win32
		{295240A3-67ED-4D61-A6A7-14CCAC67A910}.Release CLI|Any CPU.Build.0 = Release CLI|Win32
		{295240A3-67ED-4D61-A6A7-14CCAC67A910}.Release CLI|Win32.ActiveCfg = Release CLI|Win32
		{295240A3-67ED-4D61-A6A7-14CCAC67A910}.Release CLI|Win32.Build.0 = Release CLI|Win32
		{295240A3-67ED-4D61-A6A7-14CCAC67A910}.Release CLI|x64.ActiveCfg = Release CLI|x64
		{295240A3-67ED-4D61-A6A7-14CCAC67A910}.Release CLI|x64.Build.0 = Release CLI|x64
		{295240A3-67ED-4D61-A6A7-14CCAC67A910}.Release CLI|x86.ActiveCfg = Release CLI|Win32
		{295240A3-67ED-4D61-A6A7-14CCAC67A910}.Release CLI|x86.Build.0 = Release CLI|Win32
		{295240A3-67ED-4D61-A6A7-14CCAC67A910}.Release R|Any CPU.ActiveCfg = Release R|Win32
		{295240A3-67ED-4D61-A6A7-14CCAC67A910}.Release R|Win32.ActiveCfg = Release R|Win32
		{295240A3-67ED-4D61-A6A7-14CCAC67A910}.Release R|Win32.Build.0 = Release R|Win32
		{295240A3-67ED-4D61-A6A7-14CCAC67A910}.Release R|x64.ActiveCfg = Release R|x64
		{295240A3-67ED-4D61-A6A7-14CCAC67A910}.Release R|x64.Build.0 = Release R|x64
		{295240A3-67ED-4D61-A6A7-14CCAC67A910}.Release R|x86.ActiveCfg = Release R|Win32
		{295240A3-67ED-4D61-A6A7-14CCAC67A910}.Release R|x86.Build.0 = Release R|Win32
		{295240A3-67ED-4D61-A6A7-14CCAC67A910}.Release|Any CPU.ActiveCfg = Release|Win32
		{295240A3-67ED-4D61-A6A7-14CCAC67A910}.Release|Win32.ActiveCfg = Release|Win32
		{295240A3-67ED-4D61-A6A7-14CCAC67A910}.Release|Win32.Build.0 = Release|Win32
		{295240A3-67ED-4D61-A6A7-14CCAC67A910}.Release|x64.ActiveCfg = Release|x64
		{295240A3-67ED-4D61-A6A7-14CCAC67A910}.Release|x64.Build.0 = Release|x64
		{295240A3-67ED-4D61-A6A7-14CCAC67A910}.Release|x86.ActiveCfg = Release|Win32
		{295240A3-67ED-4D61-A6A7-14CCAC67A910}.Release|x86.Build.0 = Release|Win32
		{53AD282C-380D-4D5B-A08D-ED33BD95836F}.Debug CLI|Any CPU.ActiveCfg = Debug|x64
		{53AD282C-380D-4D5B-A08D-ED33BD95836F}.Debug CLI|Win32.ActiveCfg = Debug|Win32
		{53AD282C-380D-4D5B-A08D-ED33BD95836F}.Debug CLI|x64.ActiveCfg = Debug|x64
		{53AD282C-380D-4D5B-A08D-ED33BD95836F}.Debug CLI|x86.ActiveCfg = Debug|Win32
		{53AD282C-380D-4D5B-A08D-ED33BD95836F}.Debug R|Any CPU.ActiveCfg = Release|x64
		{53AD282C-380D-4D5B-A08D-ED33BD95836F}.Debug R|Win32.ActiveCfg = Debug|Win32
		{53AD282C-380D-4D5B-A08D-ED33BD95836F}.Debug R|x64.ActiveCfg = Debug|x64
		{53AD282C-380D-4D5B-A08D-ED33BD95836F}.Debug R|x86.ActiveCfg = Debug|Win32
		{53AD282C-380D-4D5B-A08D-ED33BD95836F}.Debug|Any CPU.ActiveCfg = Debug|Win32
		{53AD282C-380D-4D5B-A08D-ED33BD95836F}.Debug|Win32.ActiveCfg = Debug|Win32
		{53AD282C-380D-4D5B-A08D-ED33BD95836F}.Debug|Win32.Build.0 = Debug|Win32
		{53AD282C-380D-4D5B-A08D-ED33BD95836F}.Debug|x64.ActiveCfg = Debug|x64
		{53AD282C-380D-4D5B-A08D-ED33BD95836F}.Debug|x64.Build.0 = Debug|x64
		{53AD282C-380D-4D5B-A08D-ED33BD95836F}.Debug|x86.ActiveCfg = Debug|Win32
		{53AD282C-380D-4D5B-A08D-ED33BD95836F}.Debug|x86.Build.0 = Debug|Win32
		{53AD282C-380D-4D5B-A08D-ED33BD95836F}.Release CLI|Any CPU.ActiveCfg = Release|Win32
		{53AD282C-380D-4D5B-A08D-ED33BD95836F}.Release CLI|Win32.ActiveCfg = Release|Win32
		{53AD282C-380D-4D5B-A08D-ED33BD95836F}.Release CLI|x64.ActiveCfg = Release|x64
		{53AD282C-380D-4D5B-A08D-ED33BD95836F}.Release CLI|x86.ActiveCfg = Release|Win32
		{53AD282C-380D-4D5B-A08D-ED33BD95836F}.Release R|Any CPU.ActiveCfg = Release|x64
		{53AD282C-380D-4D5B-A08D-ED33BD95836F}.Release R|Win32.ActiveCfg = Release|Win32
		{53AD282C-380D-4D5B-A08D-ED33BD95836F}.Release R|x64.ActiveCfg = Release|x64
		{53AD282C-380D-4D5B-A08D-ED33BD95836F}.Release R|x86.ActiveCfg = Release|Win32
		{53AD282C-380D-4D5B-A08D-ED33BD95836F}.Release|Any CPU.ActiveCfg = Release|Win32
		{53AD282C-380D-4D5B-A08D-ED33BD95836F}.Release|Win32.ActiveCfg = Release|Win32
		{53AD282C-380D-4D5B-A08D-ED33BD95836F}.Release|Win32.Build.0 = Release|Win32
		{53AD282C-380D-4D5B-A08D-ED33BD95836F}.Release|x64.ActiveCfg = Release|x64
		{53AD282C-380D-4D5B-A08D-ED33BD95836F}.Release|x64.Build.0 = Release|x64
		{53AD282C-380D-4D5B-A08D-ED33BD95836F}.Release|x86.ActiveCfg = Release|Win32
		{53AD282C-380D-4D5B-A08D-ED33BD95836F}.Release|x86.Build.0 = Release|Win32
	EndGlobalSection
	GlobalSection(SolutionProperties) = preSolution
		HideSolutionNode = FALSE
	EndGlobalSection
EndGlobal
